{
  "version": 4,
  "terraform_version": "1.12.2",
  "serial": 4380,
  "lineage": "a2bec715-f65a-cdd3-3d89-d412d4666729",
  "outputs": {
    "elastic_fqdn": {
      "value": [
        "elasticsearch.ilya-serv.internal"
      ],
      "type": [
        "tuple",
        [
          "string"
        ]
      ]
    },
    "elastic_private_ip": {
      "value": "192.168.125.4",
      "type": "string"
    },
    "elastic_private_map": {
      "value": {
        "elasticsearch.ilya-serv.internal": "192.168.125.4"
      },
      "type": [
        "object",
        {
          "elasticsearch.ilya-serv.internal": "string"
        }
      ]
    },
    "kibana_fqdn": {
      "value": [
        "kibana.ilya-serv.internal"
      ],
      "type": [
        "tuple",
        [
          "string"
        ]
      ]
    },
    "kibana_private_ip": {
      "value": "192.168.126.8",
      "type": "string"
    },
    "kibana_private_map": {
      "value": {
        "kibana.ilya-serv.internal": "192.168.126.8"
      },
      "type": [
        "object",
        {
          "kibana.ilya-serv.internal": "string"
        }
      ]
    },
    "nat_public_ip": {
      "value": "84.201.175.171",
      "type": "string"
    },
    "web_fqdns": {
      "value": [
        "web1.ilya-serv.internal",
        "web2.ilya-serv.internal"
      ],
      "type": [
        "tuple",
        [
          "string",
          "string"
        ]
      ]
    },
    "web_private_map": {
      "value": {
        "web1.ilya-serv.internal": "192.168.123.12",
        "web2.ilya-serv.internal": "192.168.124.7"
      },
      "type": [
        "object",
        {
          "web1.ilya-serv.internal": "string",
          "web2.ilya-serv.internal": "string"
        }
      ]
    },
    "zabbix_fqdn": {
      "value": [
        "zabbix.ilya-serv.internal"
      ],
      "type": [
        "tuple",
        [
          "string"
        ]
      ]
    },
    "zabbix_private_ip": {
      "value": "192.168.126.9",
      "type": "string"
    },
    "zabbix_private_map": {
      "value": {
        "zabbix.ilya-serv.internal": "192.168.126.9"
      },
      "type": [
        "object",
        {
          "zabbix.ilya-serv.internal": "string"
        }
      ]
    },
    "zabbix_publick_ip": {
      "value": "158.160.40.21",
      "type": "string"
    }
  },
  "resources": [
    {
      "mode": "managed",
      "type": "yandex_alb_backend_group",
      "name": "bg_web",
      "provider": "provider[\"registry.terraform.io/yandex-cloud/yandex\"]",
      "instances": [
        {
          "schema_version": 0,
          "attributes": {
            "created_at": "2025-08-29T09:19:45Z",
            "description": "",
            "folder_id": "b1g8oe19olho2pgik8sv",
            "grpc_backend": [],
            "http_backend": [
              {
                "healthcheck": [
                  {
                    "grpc_healthcheck": [],
                    "healthcheck_port": 0,
                    "healthy_threshold": 2,
                    "http_healthcheck": [
                      {
                        "expected_statuses": null,
                        "host": "",
                        "http2": false,
                        "path": "/"
                      }
                    ],
                    "interval": "2s",
                    "interval_jitter_percent": 0,
                    "stream_healthcheck": [],
                    "timeout": "1s",
                    "unhealthy_threshold": 2
                  }
                ],
                "http2": false,
                "load_balancing_config": [
                  {
                    "locality_aware_routing_percent": 0,
                    "mode": "ROUND_ROBIN",
                    "panic_threshold": 50,
                    "strict_locality": false
                  }
                ],
                "name": "http-80",
                "port": 80,
                "storage_bucket": "",
                "target_group_ids": [
                  "ds7k2aclc76jrd3167qn"
                ],
                "tls": [],
                "weight": 1
              }
            ],
            "id": "ds791t014ph6g8ddl9tr",
            "labels": null,
            "name": "backend-web",
            "session_affinity": [],
            "stream_backend": [],
            "timeouts": null
          },
          "sensitive_attributes": [],
          "identity_schema_version": 0,
          "private": "eyJlMmJmYjczMC1lY2FhLTExZTYtOGY4OC0zNDM2M2JjN2M0YzAiOnsiY3JlYXRlIjozMDAwMDAwMDAwMDAsImRlbGV0ZSI6MzAwMDAwMDAwMDAwLCJ1cGRhdGUiOjMwMDAwMDAwMDAwMH19",
          "dependencies": [
            "yandex_alb_target_group.tg-web",
            "yandex_compute_disk.boot-disk-nat",
            "yandex_compute_disk.boot-disk-vm1",
            "yandex_compute_disk.boot-disk-vm2",
            "yandex_compute_instance.nat",
            "yandex_compute_instance.web1",
            "yandex_compute_instance.web2",
            "yandex_vpc_network.network-one",
            "yandex_vpc_route_table.nat-instance-route",
            "yandex_vpc_security_group.LAN-sg",
            "yandex_vpc_security_group.alb_sg",
            "yandex_vpc_security_group.nat-instance-sg",
            "yandex_vpc_security_group.web_sg",
            "yandex_vpc_subnet.subnet-for-web1",
            "yandex_vpc_subnet.subnet-for-web2",
            "yandex_vpc_subnet.subnet-public"
          ]
        }
      ]
    },
    {
      "mode": "managed",
      "type": "yandex_alb_http_router",
      "name": "router",
      "provider": "provider[\"registry.terraform.io/yandex-cloud/yandex\"]",
      "instances": [
        {
          "schema_version": 0,
          "attributes": {
            "created_at": "2025-08-29T09:18:18Z",
            "description": "",
            "folder_id": "b1g8oe19olho2pgik8sv",
            "id": "ds717kk7kfkvr1lfkuo8",
            "labels": null,
            "name": "router-web",
            "route_options": [],
            "timeouts": null
          },
          "sensitive_attributes": [],
          "identity_schema_version": 0,
          "private": "eyJlMmJmYjczMC1lY2FhLTExZTYtOGY4OC0zNDM2M2JjN2M0YzAiOnsiY3JlYXRlIjozMDAwMDAwMDAwMDAsImRlbGV0ZSI6MzAwMDAwMDAwMDAwLCJ1cGRhdGUiOjMwMDAwMDAwMDAwMH19"
        }
      ]
    },
    {
      "mode": "managed",
      "type": "yandex_alb_load_balancer",
      "name": "alb",
      "provider": "provider[\"registry.terraform.io/yandex-cloud/yandex\"]",
      "instances": [
        {
          "schema_version": 0,
          "attributes": {
            "allocation_policy": [
              {
                "location": [
                  {
                    "disable_traffic": false,
                    "subnet_id": "e9bk6ea2j3189vbrioub",
                    "zone_id": "ru-central1-a"
                  }
                ]
              }
            ],
            "allow_zonal_shift": false,
            "auto_scale_policy": [],
            "created_at": "2025-08-29T09:18:38Z",
            "description": "",
            "folder_id": "b1g8oe19olho2pgik8sv",
            "id": "ds75tij40m1n0o93ek8p",
            "labels": null,
            "listener": [
              {
                "endpoint": [
                  {
                    "address": [
                      {
                        "external_ipv4_address": [
                          {
                            "address": "158.160.171.102"
                          }
                        ],
                        "external_ipv6_address": [],
                        "internal_ipv4_address": []
                      }
                    ],
                    "ports": [
                      80
                    ]
                  }
                ],
                "http": [
                  {
                    "handler": [
                      {
                        "allow_http10": false,
                        "http2_options": [],
                        "http_router_id": "ds717kk7kfkvr1lfkuo8",
                        "rewrite_request_id": false
                      }
                    ],
                    "redirects": []
                  }
                ],
                "name": "http",
                "stream": [],
                "tls": []
              }
            ],
            "log_group_id": "",
            "log_options": [],
            "name": "alb-web",
            "network_id": "enpr677jnkrroc8kf9mh",
            "region_id": "",
            "security_group_ids": [
              "enpovm4f27ifbh05sdg0"
            ],
            "status": "active",
            "timeouts": null
          },
          "sensitive_attributes": [],
          "identity_schema_version": 0,
          "private": "eyJlMmJmYjczMC1lY2FhLTExZTYtOGY4OC0zNDM2M2JjN2M0YzAiOnsiY3JlYXRlIjo2MDAwMDAwMDAwMDAsImRlbGV0ZSI6NjAwMDAwMDAwMDAwLCJ1cGRhdGUiOjYwMDAwMDAwMDAwMH19",
          "dependencies": [
            "yandex_alb_http_router.router",
            "yandex_vpc_network.network-one",
            "yandex_vpc_security_group.alb_sg",
            "yandex_vpc_subnet.subnet-public"
          ]
        }
      ]
    },
    {
      "mode": "managed",
      "type": "yandex_alb_target_group",
      "name": "tg-web",
      "provider": "provider[\"registry.terraform.io/yandex-cloud/yandex\"]",
      "instances": [
        {
          "schema_version": 0,
          "attributes": {
            "created_at": "2025-08-29T09:19:45Z",
            "description": "",
            "folder_id": "b1g8oe19olho2pgik8sv",
            "id": "ds7k2aclc76jrd3167qn",
            "labels": null,
            "name": "target-web",
            "target": [
              {
                "ip_address": "192.168.123.12",
                "private_ipv4_address": false,
                "subnet_id": "e9b85bkh95t4bunip6op"
              },
              {
                "ip_address": "192.168.124.7",
                "private_ipv4_address": false,
                "subnet_id": "e2lptviojuu6qdljtnsn"
              }
            ],
            "timeouts": null
          },
          "sensitive_attributes": [],
          "identity_schema_version": 0,
          "private": "eyJlMmJmYjczMC1lY2FhLTExZTYtOGY4OC0zNDM2M2JjN2M0YzAiOnsiY3JlYXRlIjozMDAwMDAwMDAwMDAsImRlbGV0ZSI6MzAwMDAwMDAwMDAwLCJ1cGRhdGUiOjMwMDAwMDAwMDAwMH19",
          "dependencies": [
            "yandex_compute_disk.boot-disk-nat",
            "yandex_compute_disk.boot-disk-vm1",
            "yandex_compute_disk.boot-disk-vm2",
            "yandex_compute_instance.nat",
            "yandex_compute_instance.web1",
            "yandex_compute_instance.web2",
            "yandex_vpc_network.network-one",
            "yandex_vpc_route_table.nat-instance-route",
            "yandex_vpc_security_group.LAN-sg",
            "yandex_vpc_security_group.alb_sg",
            "yandex_vpc_security_group.nat-instance-sg",
            "yandex_vpc_security_group.web_sg",
            "yandex_vpc_subnet.subnet-for-web1",
            "yandex_vpc_subnet.subnet-for-web2",
            "yandex_vpc_subnet.subnet-public"
          ]
        }
      ]
    },
    {
      "mode": "managed",
      "type": "yandex_alb_virtual_host",
      "name": "vh_default",
      "provider": "provider[\"registry.terraform.io/yandex-cloud/yandex\"]",
      "instances": [
        {
          "schema_version": 0,
          "attributes": {
            "authority": null,
            "http_router_id": "ds717kk7kfkvr1lfkuo8",
            "id": "ds717kk7kfkvr1lfkuo8/vh-default",
            "modify_request_headers": [],
            "modify_response_headers": [],
            "name": "vh-default",
            "rate_limit": [],
            "route": [
              {
                "grpc_route": [],
                "http_route": [
                  {
                    "direct_response_action": [],
                    "http_match": [],
                    "http_route_action": [
                      {
                        "auto_host_rewrite": false,
                        "backend_group_id": "ds791t014ph6g8ddl9tr",
                        "host_rewrite": "",
                        "idle_timeout": "",
                        "prefix_rewrite": "",
                        "rate_limit": [],
                        "regex_rewrite": [],
                        "timeout": "3s",
                        "upgrade_types": null
                      }
                    ],
                    "redirect_action": []
                  }
                ],
                "name": "web",
                "route_options": []
              }
            ],
            "route_options": [],
            "timeouts": null
          },
          "sensitive_attributes": [],
          "identity_schema_version": 0,
          "private": "eyJlMmJmYjczMC1lY2FhLTExZTYtOGY4OC0zNDM2M2JjN2M0YzAiOnsiY3JlYXRlIjozMDAwMDAwMDAwMDAsImRlbGV0ZSI6MzAwMDAwMDAwMDAwLCJ1cGRhdGUiOjMwMDAwMDAwMDAwMH19",
          "dependencies": [
            "yandex_alb_backend_group.bg_web",
            "yandex_alb_http_router.router",
            "yandex_alb_target_group.tg-web",
            "yandex_compute_disk.boot-disk-nat",
            "yandex_compute_disk.boot-disk-vm1",
            "yandex_compute_disk.boot-disk-vm2",
            "yandex_compute_instance.nat",
            "yandex_compute_instance.web1",
            "yandex_compute_instance.web2",
            "yandex_vpc_network.network-one",
            "yandex_vpc_route_table.nat-instance-route",
            "yandex_vpc_security_group.LAN-sg",
            "yandex_vpc_security_group.alb_sg",
            "yandex_vpc_security_group.nat-instance-sg",
            "yandex_vpc_security_group.web_sg",
            "yandex_vpc_subnet.subnet-for-web1",
            "yandex_vpc_subnet.subnet-for-web2",
            "yandex_vpc_subnet.subnet-public"
          ]
        }
      ]
    },
    {
      "mode": "managed",
      "type": "yandex_compute_disk",
      "name": "boot-disk-elastic",
      "provider": "provider[\"registry.terraform.io/yandex-cloud/yandex\"]",
      "instances": [
        {
          "schema_version": 0,
          "attributes": {
            "allow_recreate": null,
            "block_size": 4096,
            "created_at": "2025-08-29T09:18:18Z",
            "description": "",
            "disk_placement_policy": [
              {
                "disk_placement_group_id": ""
              }
            ],
            "folder_id": "b1g8oe19olho2pgik8sv",
            "hardware_generation": [
              {
                "generation2_features": [],
                "legacy_features": [
                  {
                    "pci_topology": "PCI_TOPOLOGY_V1"
                  }
                ]
              }
            ],
            "id": "fhmbdu676ve5bvkeionj",
            "image_id": "fd8vsghfu10ev5gdatkh",
            "kms_key_id": null,
            "labels": null,
            "name": "disk-elastic",
            "product_ids": [
              "f2enkr6fq7ihgs1ud22n"
            ],
            "size": 10,
            "snapshot_id": "",
            "status": "ready",
            "timeouts": null,
            "type": "network-hdd",
            "zone": "ru-central1-a"
          },
          "sensitive_attributes": [],
          "identity_schema_version": 0,
          "private": "eyJlMmJmYjczMC1lY2FhLTExZTYtOGY4OC0zNDM2M2JjN2M0YzAiOnsiY3JlYXRlIjozMDAwMDAwMDAwMDAsImRlbGV0ZSI6MzAwMDAwMDAwMDAwLCJ1cGRhdGUiOjMwMDAwMDAwMDAwMH19"
        }
      ]
    },
    {
      "mode": "managed",
      "type": "yandex_compute_disk",
      "name": "boot-disk-kibana",
      "provider": "provider[\"registry.terraform.io/yandex-cloud/yandex\"]",
      "instances": [
        {
          "schema_version": 0,
          "attributes": {
            "allow_recreate": null,
            "block_size": 4096,
            "created_at": "2025-08-29T09:18:18Z",
            "description": "",
            "disk_placement_policy": [
              {
                "disk_placement_group_id": ""
              }
            ],
            "folder_id": "b1g8oe19olho2pgik8sv",
            "hardware_generation": [
              {
                "generation2_features": [],
                "legacy_features": [
                  {
                    "pci_topology": "PCI_TOPOLOGY_V1"
                  }
                ]
              }
            ],
            "id": "fhm6p760vbdejvs3qq59",
            "image_id": "fd8vsghfu10ev5gdatkh",
            "kms_key_id": null,
            "labels": null,
            "name": "disk-kibana",
            "product_ids": [
              "f2enkr6fq7ihgs1ud22n"
            ],
            "size": 10,
            "snapshot_id": "",
            "status": "ready",
            "timeouts": null,
            "type": "network-hdd",
            "zone": "ru-central1-a"
          },
          "sensitive_attributes": [],
          "identity_schema_version": 0,
          "private": "eyJlMmJmYjczMC1lY2FhLTExZTYtOGY4OC0zNDM2M2JjN2M0YzAiOnsiY3JlYXRlIjozMDAwMDAwMDAwMDAsImRlbGV0ZSI6MzAwMDAwMDAwMDAwLCJ1cGRhdGUiOjMwMDAwMDAwMDAwMH19"
        }
      ]
    },
    {
      "mode": "managed",
      "type": "yandex_compute_disk",
      "name": "boot-disk-nat",
      "provider": "provider[\"registry.terraform.io/yandex-cloud/yandex\"]",
      "instances": [
        {
          "schema_version": 0,
          "attributes": {
            "allow_recreate": null,
            "block_size": 4096,
            "created_at": "2025-08-29T09:18:18Z",
            "description": "",
            "disk_placement_policy": [
              {
                "disk_placement_group_id": ""
              }
            ],
            "folder_id": "b1g8oe19olho2pgik8sv",
            "hardware_generation": [
              {
                "generation2_features": [],
                "legacy_features": [
                  {
                    "pci_topology": "PCI_TOPOLOGY_V1"
                  }
                ]
              }
            ],
            "id": "fhmfn2iv2043io5n8i5d",
            "image_id": "fd8vsghfu10ev5gdatkh",
            "kms_key_id": null,
            "labels": null,
            "name": "disk-nat",
            "product_ids": [
              "f2enkr6fq7ihgs1ud22n"
            ],
            "size": 10,
            "snapshot_id": "",
            "status": "ready",
            "timeouts": null,
            "type": "network-hdd",
            "zone": "ru-central1-a"
          },
          "sensitive_attributes": [],
          "identity_schema_version": 0,
          "private": "eyJlMmJmYjczMC1lY2FhLTExZTYtOGY4OC0zNDM2M2JjN2M0YzAiOnsiY3JlYXRlIjozMDAwMDAwMDAwMDAsImRlbGV0ZSI6MzAwMDAwMDAwMDAwLCJ1cGRhdGUiOjMwMDAwMDAwMDAwMH19"
        }
      ]
    },
    {
      "mode": "managed",
      "type": "yandex_compute_disk",
      "name": "boot-disk-vm1",
      "provider": "provider[\"registry.terraform.io/yandex-cloud/yandex\"]",
      "instances": [
        {
          "schema_version": 0,
          "attributes": {
            "allow_recreate": null,
            "block_size": 4096,
            "created_at": "2025-08-29T09:18:18Z",
            "description": "",
            "disk_placement_policy": [
              {
                "disk_placement_group_id": ""
              }
            ],
            "folder_id": "b1g8oe19olho2pgik8sv",
            "hardware_generation": [
              {
                "generation2_features": [],
                "legacy_features": [
                  {
                    "pci_topology": "PCI_TOPOLOGY_V1"
                  }
                ]
              }
            ],
            "id": "fhmcd2miij70hsn124p1",
            "image_id": "fd8vsghfu10ev5gdatkh",
            "kms_key_id": null,
            "labels": null,
            "name": "disk-web",
            "product_ids": [
              "f2enkr6fq7ihgs1ud22n"
            ],
            "size": 10,
            "snapshot_id": "",
            "status": "ready",
            "timeouts": null,
            "type": "network-hdd",
            "zone": "ru-central1-a"
          },
          "sensitive_attributes": [],
          "identity_schema_version": 0,
          "private": "eyJlMmJmYjczMC1lY2FhLTExZTYtOGY4OC0zNDM2M2JjN2M0YzAiOnsiY3JlYXRlIjozMDAwMDAwMDAwMDAsImRlbGV0ZSI6MzAwMDAwMDAwMDAwLCJ1cGRhdGUiOjMwMDAwMDAwMDAwMH19"
        }
      ]
    },
    {
      "mode": "managed",
      "type": "yandex_compute_disk",
      "name": "boot-disk-vm2",
      "provider": "provider[\"registry.terraform.io/yandex-cloud/yandex\"]",
      "instances": [
        {
          "schema_version": 0,
          "attributes": {
            "allow_recreate": null,
            "block_size": 4096,
            "created_at": "2025-08-29T09:18:18Z",
            "description": "",
            "disk_placement_policy": [
              {
                "disk_placement_group_id": ""
              }
            ],
            "folder_id": "b1g8oe19olho2pgik8sv",
            "hardware_generation": [
              {
                "generation2_features": [],
                "legacy_features": [
                  {
                    "pci_topology": "PCI_TOPOLOGY_V1"
                  }
                ]
              }
            ],
            "id": "epd4oai7lc2dtn0pjrnd",
            "image_id": "fd8vsghfu10ev5gdatkh",
            "kms_key_id": null,
            "labels": null,
            "name": "disk-web1",
            "product_ids": [
              "f2enkr6fq7ihgs1ud22n"
            ],
            "size": 10,
            "snapshot_id": "",
            "status": "ready",
            "timeouts": null,
            "type": "network-hdd",
            "zone": "ru-central1-b"
          },
          "sensitive_attributes": [],
          "identity_schema_version": 0,
          "private": "eyJlMmJmYjczMC1lY2FhLTExZTYtOGY4OC0zNDM2M2JjN2M0YzAiOnsiY3JlYXRlIjozMDAwMDAwMDAwMDAsImRlbGV0ZSI6MzAwMDAwMDAwMDAwLCJ1cGRhdGUiOjMwMDAwMDAwMDAwMH19"
        }
      ]
    },
    {
      "mode": "managed",
      "type": "yandex_compute_disk",
      "name": "boot-disk-zabbix",
      "provider": "provider[\"registry.terraform.io/yandex-cloud/yandex\"]",
      "instances": [
        {
          "schema_version": 0,
          "attributes": {
            "allow_recreate": null,
            "block_size": 4096,
            "created_at": "2025-08-29T09:18:18Z",
            "description": "",
            "disk_placement_policy": [
              {
                "disk_placement_group_id": ""
              }
            ],
            "folder_id": "b1g8oe19olho2pgik8sv",
            "hardware_generation": [
              {
                "generation2_features": [],
                "legacy_features": [
                  {
                    "pci_topology": "PCI_TOPOLOGY_V1"
                  }
                ]
              }
            ],
            "id": "fhmpjt9d30i4fn6oe8b3",
            "image_id": "fd8vsghfu10ev5gdatkh",
            "kms_key_id": null,
            "labels": null,
            "name": "disk-zabbix",
            "product_ids": [
              "f2enkr6fq7ihgs1ud22n"
            ],
            "size": 10,
            "snapshot_id": "",
            "status": "ready",
            "timeouts": null,
            "type": "network-hdd",
            "zone": "ru-central1-a"
          },
          "sensitive_attributes": [],
          "identity_schema_version": 0,
          "private": "eyJlMmJmYjczMC1lY2FhLTExZTYtOGY4OC0zNDM2M2JjN2M0YzAiOnsiY3JlYXRlIjozMDAwMDAwMDAwMDAsImRlbGV0ZSI6MzAwMDAwMDAwMDAwLCJ1cGRhdGUiOjMwMDAwMDAwMDAwMH19"
        }
      ]
    },
    {
      "mode": "managed",
      "type": "yandex_compute_instance",
      "name": "elastic",
      "provider": "provider[\"registry.terraform.io/yandex-cloud/yandex\"]",
      "instances": [
        {
          "schema_version": 1,
          "attributes": {
            "allow_recreate": null,
            "allow_stopping_for_update": true,
            "boot_disk": [
              {
                "auto_delete": true,
                "device_name": "fhmbdu676ve5bvkeionj",
                "disk_id": "fhmbdu676ve5bvkeionj",
                "initialize_params": [
                  {
                    "block_size": 4096,
                    "description": "",
                    "image_id": "fd8vsghfu10ev5gdatkh",
                    "kms_key_id": "",
                    "name": "disk-elastic",
                    "size": 10,
                    "snapshot_id": "",
                    "type": "network-hdd"
                  }
                ],
                "mode": "READ_WRITE"
              }
            ],
            "created_at": "2025-08-29T09:18:58Z",
            "description": "",
            "filesystem": [],
            "folder_id": "b1g8oe19olho2pgik8sv",
            "fqdn": "elasticsearch.ru-central1.internal",
            "gpu_cluster_id": "",
            "hardware_generation": [
              {
                "generation2_features": [],
                "legacy_features": [
                  {
                    "pci_topology": "PCI_TOPOLOGY_V1"
                  }
                ]
              }
            ],
            "hostname": "elasticsearch",
            "id": "fhm5v3l0fqcq19uc31vv",
            "labels": null,
            "local_disk": [],
            "maintenance_grace_period": "",
            "maintenance_policy": null,
            "metadata": {
              "user-data": "#cloud-config\nssh_pwauth: no # by keys only\nusers: \n- name: ilya-serv \n  sudo: 'ALL=(ALL) NOPASSWD:ALL' \n  shell: /bin/bash \n  ssh_authorized_keys:\n    - ssh-ed25519 AAAAC3NzaC1lZDI1NTE5AAAAIPDEJ/ql1pltZibBKmMPI/k9ERU+2AveQ6X0vKl7EAi8 ilya-serv@ilya-serv-VirtualBox\n\nruncmd:\n  - sysctl -w net.ipv4.ip_forward=1 # allows packet routing between interfaces\n  - iptables -t nat -A POSTROUTING -o eth0 -j MASQUERADE # enables NAT-masking for outgoing traffic through the eth0 interface\n"
            },
            "metadata_options": [
              {
                "aws_v1_http_endpoint": 1,
                "aws_v1_http_token": 2,
                "gce_http_endpoint": 1,
                "gce_http_token": 1
              }
            ],
            "name": "elastic",
            "network_acceleration_type": "standard",
            "network_interface": [
              {
                "dns_record": [],
                "index": 0,
                "ip_address": "192.168.125.4",
                "ipv4": true,
                "ipv6": false,
                "ipv6_address": "",
                "ipv6_dns_record": [],
                "mac_address": "d0:0d:5f:8e:a0:7e",
                "nat": false,
                "nat_dns_record": [],
                "nat_ip_address": "",
                "nat_ip_version": "",
                "security_group_ids": [
                  "enpoc2gb8vvefindvf0v",
                  "enpsd67ahqo2emd5erag"
                ],
                "subnet_id": "e9brkdnm9hr7s8m9eut5"
              }
            ],
            "placement_policy": [
              {
                "host_affinity_rules": [],
                "placement_group_id": "",
                "placement_group_partition": 0
              }
            ],
            "platform_id": "standard-v1",
            "resources": [
              {
                "core_fraction": 20,
                "cores": 2,
                "gpus": 0,
                "memory": 4
              }
            ],
            "scheduling_policy": [
              {
                "preemptible": true
              }
            ],
            "secondary_disk": [],
            "service_account_id": "",
            "status": "running",
            "timeouts": null,
            "zone": "ru-central1-a"
          },
          "sensitive_attributes": [],
          "identity_schema_version": 0,
          "private": "eyJlMmJmYjczMC1lY2FhLTExZTYtOGY4OC0zNDM2M2JjN2M0YzAiOnsiY3JlYXRlIjozMDAwMDAwMDAwMDAsImRlbGV0ZSI6MzAwMDAwMDAwMDAwLCJ1cGRhdGUiOjMwMDAwMDAwMDAwMH0sInNjaGVtYV92ZXJzaW9uIjoiMSJ9",
          "dependencies": [
            "yandex_compute_disk.boot-disk-elastic",
            "yandex_compute_disk.boot-disk-nat",
            "yandex_compute_instance.nat",
            "yandex_vpc_network.network-one",
            "yandex_vpc_route_table.nat-instance-route",
            "yandex_vpc_security_group.LAN-sg",
            "yandex_vpc_security_group.elastic_sg",
            "yandex_vpc_security_group.nat-instance-sg",
            "yandex_vpc_subnet.subnet-private",
            "yandex_vpc_subnet.subnet-public"
          ]
        }
      ]
    },
    {
      "mode": "managed",
      "type": "yandex_compute_instance",
      "name": "kibana",
      "provider": "provider[\"registry.terraform.io/yandex-cloud/yandex\"]",
      "instances": [
        {
          "schema_version": 1,
          "attributes": {
            "allow_recreate": null,
            "allow_stopping_for_update": true,
            "boot_disk": [
              {
                "auto_delete": true,
                "device_name": "fhm6p760vbdejvs3qq59",
                "disk_id": "fhm6p760vbdejvs3qq59",
                "initialize_params": [
                  {
                    "block_size": 4096,
                    "description": "",
                    "image_id": "fd8vsghfu10ev5gdatkh",
                    "kms_key_id": "",
                    "name": "disk-kibana",
                    "size": 10,
                    "snapshot_id": "",
                    "type": "network-hdd"
                  }
                ],
                "mode": "READ_WRITE"
              }
            ],
            "created_at": "2025-08-29T09:18:29Z",
            "description": "",
            "filesystem": [],
            "folder_id": "b1g8oe19olho2pgik8sv",
            "fqdn": "kibana.ru-central1.internal",
            "gpu_cluster_id": "",
            "hardware_generation": [
              {
                "generation2_features": [],
                "legacy_features": [
                  {
                    "pci_topology": "PCI_TOPOLOGY_V1"
                  }
                ]
              }
            ],
            "hostname": "kibana",
            "id": "fhmdl0icqrumsvj0snlr",
            "labels": null,
            "local_disk": [],
            "maintenance_grace_period": "",
            "maintenance_policy": null,
            "metadata": {
              "user-data": "#cloud-config\nssh_pwauth: no # by keys only\nusers: \n- name: ilya-serv \n  sudo: 'ALL=(ALL) NOPASSWD:ALL' \n  shell: /bin/bash \n  ssh_authorized_keys:\n    - ssh-ed25519 AAAAC3NzaC1lZDI1NTE5AAAAIPDEJ/ql1pltZibBKmMPI/k9ERU+2AveQ6X0vKl7EAi8 ilya-serv@ilya-serv-VirtualBox\n\nruncmd:\n  - sysctl -w net.ipv4.ip_forward=1 # allows packet routing between interfaces\n  - iptables -t nat -A POSTROUTING -o eth0 -j MASQUERADE # enables NAT-masking for outgoing traffic through the eth0 interface\n"
            },
            "metadata_options": [
              {
                "aws_v1_http_endpoint": 1,
                "aws_v1_http_token": 2,
                "gce_http_endpoint": 1,
                "gce_http_token": 1
              }
            ],
            "name": "kibana",
            "network_acceleration_type": "standard",
            "network_interface": [
              {
                "dns_record": [],
                "index": 0,
                "ip_address": "192.168.126.8",
                "ipv4": true,
                "ipv6": false,
                "ipv6_address": "",
                "ipv6_dns_record": [],
                "mac_address": "d0:0d:da:82:4c:d6",
                "nat": true,
                "nat_dns_record": [],
                "nat_ip_address": "84.201.134.103",
                "nat_ip_version": "IPV4",
                "security_group_ids": [
                  "enpiis5gee4k5a232t2u",
                  "enpsd67ahqo2emd5erag"
                ],
                "subnet_id": "e9bk6ea2j3189vbrioub"
              }
            ],
            "placement_policy": [
              {
                "host_affinity_rules": [],
                "placement_group_id": "",
                "placement_group_partition": 0
              }
            ],
            "platform_id": "standard-v1",
            "resources": [
              {
                "core_fraction": 20,
                "cores": 2,
                "gpus": 0,
                "memory": 4
              }
            ],
            "scheduling_policy": [
              {
                "preemptible": true
              }
            ],
            "secondary_disk": [],
            "service_account_id": "",
            "status": "running",
            "timeouts": null,
            "zone": "ru-central1-a"
          },
          "sensitive_attributes": [],
          "identity_schema_version": 0,
          "private": "eyJlMmJmYjczMC1lY2FhLTExZTYtOGY4OC0zNDM2M2JjN2M0YzAiOnsiY3JlYXRlIjozMDAwMDAwMDAwMDAsImRlbGV0ZSI6MzAwMDAwMDAwMDAwLCJ1cGRhdGUiOjMwMDAwMDAwMDAwMH0sInNjaGVtYV92ZXJzaW9uIjoiMSJ9",
          "dependencies": [
            "yandex_compute_disk.boot-disk-kibana",
            "yandex_vpc_network.network-one",
            "yandex_vpc_security_group.LAN-sg",
            "yandex_vpc_security_group.kibana_sg",
            "yandex_vpc_subnet.subnet-public"
          ]
        }
      ]
    },
    {
      "mode": "managed",
      "type": "yandex_compute_instance",
      "name": "nat",
      "provider": "provider[\"registry.terraform.io/yandex-cloud/yandex\"]",
      "instances": [
        {
          "schema_version": 1,
          "attributes": {
            "allow_recreate": null,
            "allow_stopping_for_update": true,
            "boot_disk": [
              {
                "auto_delete": true,
                "device_name": "fhmfn2iv2043io5n8i5d",
                "disk_id": "fhmfn2iv2043io5n8i5d",
                "initialize_params": [
                  {
                    "block_size": 4096,
                    "description": "",
                    "image_id": "fd8vsghfu10ev5gdatkh",
                    "kms_key_id": "",
                    "name": "disk-nat",
                    "size": 10,
                    "snapshot_id": "",
                    "type": "network-hdd"
                  }
                ],
                "mode": "READ_WRITE"
              }
            ],
            "created_at": "2025-08-29T09:18:28Z",
            "description": "",
            "filesystem": [],
            "folder_id": "b1g8oe19olho2pgik8sv",
            "fqdn": "nat.ru-central1.internal",
            "gpu_cluster_id": "",
            "hardware_generation": [
              {
                "generation2_features": [],
                "legacy_features": [
                  {
                    "pci_topology": "PCI_TOPOLOGY_V1"
                  }
                ]
              }
            ],
            "hostname": "nat",
            "id": "fhmt2fe71qe8d528cpek",
            "labels": null,
            "local_disk": [],
            "maintenance_grace_period": "",
            "maintenance_policy": null,
            "metadata": {
              "user-data": "#cloud-config\nssh_pwauth: no # by keys only\nusers: \n- name: ilya-serv \n  sudo: 'ALL=(ALL) NOPASSWD:ALL' \n  shell: /bin/bash \n  ssh_authorized_keys:\n    - ssh-ed25519 AAAAC3NzaC1lZDI1NTE5AAAAIPDEJ/ql1pltZibBKmMPI/k9ERU+2AveQ6X0vKl7EAi8 ilya-serv@ilya-serv-VirtualBox\n\nruncmd:\n  - sysctl -w net.ipv4.ip_forward=1 # allows packet routing between interfaces\n  - iptables -t nat -A POSTROUTING -o eth0 -j MASQUERADE # enables NAT-masking for outgoing traffic through the eth0 interface\n"
            },
            "metadata_options": [
              {
                "aws_v1_http_endpoint": 1,
                "aws_v1_http_token": 2,
                "gce_http_endpoint": 1,
                "gce_http_token": 1
              }
            ],
            "name": "nat",
            "network_acceleration_type": "standard",
            "network_interface": [
              {
                "dns_record": [],
                "index": 0,
                "ip_address": "192.168.126.14",
                "ipv4": true,
                "ipv6": false,
                "ipv6_address": "",
                "ipv6_dns_record": [],
                "mac_address": "d0:0d:1d:13:dc:70",
                "nat": true,
                "nat_dns_record": [],
                "nat_ip_address": "84.201.175.171",
                "nat_ip_version": "IPV4",
                "security_group_ids": [
                  "enp3872a8dmpl72bj74a",
                  "enpsd67ahqo2emd5erag"
                ],
                "subnet_id": "e9bk6ea2j3189vbrioub"
              }
            ],
            "placement_policy": [
              {
                "host_affinity_rules": [],
                "placement_group_id": "",
                "placement_group_partition": 0
              }
            ],
            "platform_id": "standard-v1",
            "resources": [
              {
                "core_fraction": 20,
                "cores": 2,
                "gpus": 0,
                "memory": 2
              }
            ],
            "scheduling_policy": [
              {
                "preemptible": true
              }
            ],
            "secondary_disk": [],
            "service_account_id": "",
            "status": "running",
            "timeouts": null,
            "zone": "ru-central1-a"
          },
          "sensitive_attributes": [],
          "identity_schema_version": 0,
          "private": "eyJlMmJmYjczMC1lY2FhLTExZTYtOGY4OC0zNDM2M2JjN2M0YzAiOnsiY3JlYXRlIjozMDAwMDAwMDAwMDAsImRlbGV0ZSI6MzAwMDAwMDAwMDAwLCJ1cGRhdGUiOjMwMDAwMDAwMDAwMH0sInNjaGVtYV92ZXJzaW9uIjoiMSJ9",
          "dependencies": [
            "yandex_compute_disk.boot-disk-nat",
            "yandex_vpc_network.network-one",
            "yandex_vpc_security_group.LAN-sg",
            "yandex_vpc_security_group.nat-instance-sg",
            "yandex_vpc_subnet.subnet-public"
          ]
        }
      ]
    },
    {
      "mode": "managed",
      "type": "yandex_compute_instance",
      "name": "web1",
      "provider": "provider[\"registry.terraform.io/yandex-cloud/yandex\"]",
      "instances": [
        {
          "schema_version": 1,
          "attributes": {
            "allow_recreate": null,
            "allow_stopping_for_update": true,
            "boot_disk": [
              {
                "auto_delete": true,
                "device_name": "fhmcd2miij70hsn124p1",
                "disk_id": "fhmcd2miij70hsn124p1",
                "initialize_params": [
                  {
                    "block_size": 4096,
                    "description": "",
                    "image_id": "fd8vsghfu10ev5gdatkh",
                    "kms_key_id": "",
                    "name": "disk-web",
                    "size": 10,
                    "snapshot_id": "",
                    "type": "network-hdd"
                  }
                ],
                "mode": "READ_WRITE"
              }
            ],
            "created_at": "2025-08-29T09:19:00Z",
            "description": "",
            "filesystem": [],
            "folder_id": "b1g8oe19olho2pgik8sv",
            "fqdn": "web1.ru-central1.internal",
            "gpu_cluster_id": "",
            "hardware_generation": [
              {
                "generation2_features": [],
                "legacy_features": [
                  {
                    "pci_topology": "PCI_TOPOLOGY_V1"
                  }
                ]
              }
            ],
            "hostname": "web1",
            "id": "fhm18nsdt0antdghppd3",
            "labels": null,
            "local_disk": [],
            "maintenance_grace_period": "",
            "maintenance_policy": null,
            "metadata": {
              "user-data": "#cloud-config\nssh_pwauth: no # by keys only\nusers: \n- name: ilya-serv \n  sudo: 'ALL=(ALL) NOPASSWD:ALL' \n  shell: /bin/bash \n  ssh_authorized_keys:\n    - ssh-ed25519 AAAAC3NzaC1lZDI1NTE5AAAAIPDEJ/ql1pltZibBKmMPI/k9ERU+2AveQ6X0vKl7EAi8 ilya-serv@ilya-serv-VirtualBox\n\nruncmd:\n  - sysctl -w net.ipv4.ip_forward=1 # allows packet routing between interfaces\n  - iptables -t nat -A POSTROUTING -o eth0 -j MASQUERADE # enables NAT-masking for outgoing traffic through the eth0 interface\n"
            },
            "metadata_options": [
              {
                "aws_v1_http_endpoint": 1,
                "aws_v1_http_token": 2,
                "gce_http_endpoint": 1,
                "gce_http_token": 1
              }
            ],
            "name": "web1",
            "network_acceleration_type": "standard",
            "network_interface": [
              {
                "dns_record": [],
                "index": 0,
                "ip_address": "192.168.123.12",
                "ipv4": true,
                "ipv6": false,
                "ipv6_address": "",
                "ipv6_dns_record": [],
                "mac_address": "d0:0d:14:5f:8d:e8",
                "nat": false,
                "nat_dns_record": [],
                "nat_ip_address": "",
                "nat_ip_version": "",
                "security_group_ids": [
                  "enpsd67ahqo2emd5erag",
                  "enpvub0hjs8idocder9i"
                ],
                "subnet_id": "e9b85bkh95t4bunip6op"
              }
            ],
            "placement_policy": [
              {
                "host_affinity_rules": [],
                "placement_group_id": "",
                "placement_group_partition": 0
              }
            ],
            "platform_id": "standard-v1",
            "resources": [
              {
                "core_fraction": 20,
                "cores": 2,
                "gpus": 0,
                "memory": 2
              }
            ],
            "scheduling_policy": [
              {
                "preemptible": true
              }
            ],
            "secondary_disk": [],
            "service_account_id": "",
            "status": "running",
            "timeouts": null,
            "zone": "ru-central1-a"
          },
          "sensitive_attributes": [],
          "identity_schema_version": 0,
          "private": "eyJlMmJmYjczMC1lY2FhLTExZTYtOGY4OC0zNDM2M2JjN2M0YzAiOnsiY3JlYXRlIjozMDAwMDAwMDAwMDAsImRlbGV0ZSI6MzAwMDAwMDAwMDAwLCJ1cGRhdGUiOjMwMDAwMDAwMDAwMH0sInNjaGVtYV92ZXJzaW9uIjoiMSJ9",
          "dependencies": [
            "yandex_compute_disk.boot-disk-nat",
            "yandex_compute_disk.boot-disk-vm1",
            "yandex_compute_instance.nat",
            "yandex_vpc_network.network-one",
            "yandex_vpc_route_table.nat-instance-route",
            "yandex_vpc_security_group.LAN-sg",
            "yandex_vpc_security_group.alb_sg",
            "yandex_vpc_security_group.nat-instance-sg",
            "yandex_vpc_security_group.web_sg",
            "yandex_vpc_subnet.subnet-for-web1",
            "yandex_vpc_subnet.subnet-public"
          ]
        }
      ]
    },
    {
      "mode": "managed",
      "type": "yandex_compute_instance",
      "name": "web2",
      "provider": "provider[\"registry.terraform.io/yandex-cloud/yandex\"]",
      "instances": [
        {
          "schema_version": 1,
          "attributes": {
            "allow_recreate": null,
            "allow_stopping_for_update": true,
            "boot_disk": [
              {
                "auto_delete": true,
                "device_name": "epd4oai7lc2dtn0pjrnd",
                "disk_id": "epd4oai7lc2dtn0pjrnd",
                "initialize_params": [
                  {
                    "block_size": 4096,
                    "description": "",
                    "image_id": "fd8vsghfu10ev5gdatkh",
                    "kms_key_id": "",
                    "name": "disk-web1",
                    "size": 10,
                    "snapshot_id": "",
                    "type": "network-hdd"
                  }
                ],
                "mode": "READ_WRITE"
              }
            ],
            "created_at": "2025-08-29T09:18:57Z",
            "description": "",
            "filesystem": [],
            "folder_id": "b1g8oe19olho2pgik8sv",
            "fqdn": "web2.ru-central1.internal",
            "gpu_cluster_id": "",
            "hardware_generation": [
              {
                "generation2_features": [],
                "legacy_features": [
                  {
                    "pci_topology": "PCI_TOPOLOGY_V1"
                  }
                ]
              }
            ],
            "hostname": "web2",
            "id": "epd5mkr11d98t1t5ndgi",
            "labels": null,
            "local_disk": [],
            "maintenance_grace_period": "",
            "maintenance_policy": null,
            "metadata": {
              "user-data": "#cloud-config\nssh_pwauth: no # by keys only\nusers: \n- name: ilya-serv \n  sudo: 'ALL=(ALL) NOPASSWD:ALL' \n  shell: /bin/bash \n  ssh_authorized_keys:\n    - ssh-ed25519 AAAAC3NzaC1lZDI1NTE5AAAAIPDEJ/ql1pltZibBKmMPI/k9ERU+2AveQ6X0vKl7EAi8 ilya-serv@ilya-serv-VirtualBox\n\nruncmd:\n  - sysctl -w net.ipv4.ip_forward=1 # allows packet routing between interfaces\n  - iptables -t nat -A POSTROUTING -o eth0 -j MASQUERADE # enables NAT-masking for outgoing traffic through the eth0 interface\n"
            },
            "metadata_options": [
              {
                "aws_v1_http_endpoint": 1,
                "aws_v1_http_token": 2,
                "gce_http_endpoint": 1,
                "gce_http_token": 1
              }
            ],
            "name": "web2",
            "network_acceleration_type": "standard",
            "network_interface": [
              {
                "dns_record": [],
                "index": 0,
                "ip_address": "192.168.124.7",
                "ipv4": true,
                "ipv6": false,
                "ipv6_address": "",
                "ipv6_dns_record": [],
                "mac_address": "d0:0d:5b:53:61:0b",
                "nat": false,
                "nat_dns_record": [],
                "nat_ip_address": "",
                "nat_ip_version": "",
                "security_group_ids": [
                  "enpsd67ahqo2emd5erag",
                  "enpvub0hjs8idocder9i"
                ],
                "subnet_id": "e2lptviojuu6qdljtnsn"
              }
            ],
            "placement_policy": [
              {
                "host_affinity_rules": [],
                "placement_group_id": "",
                "placement_group_partition": 0
              }
            ],
            "platform_id": "standard-v1",
            "resources": [
              {
                "core_fraction": 20,
                "cores": 2,
                "gpus": 0,
                "memory": 2
              }
            ],
            "scheduling_policy": [
              {
                "preemptible": true
              }
            ],
            "secondary_disk": [],
            "service_account_id": "",
            "status": "running",
            "timeouts": null,
            "zone": "ru-central1-b"
          },
          "sensitive_attributes": [],
          "identity_schema_version": 0,
          "private": "eyJlMmJmYjczMC1lY2FhLTExZTYtOGY4OC0zNDM2M2JjN2M0YzAiOnsiY3JlYXRlIjozMDAwMDAwMDAwMDAsImRlbGV0ZSI6MzAwMDAwMDAwMDAwLCJ1cGRhdGUiOjMwMDAwMDAwMDAwMH0sInNjaGVtYV92ZXJzaW9uIjoiMSJ9",
          "dependencies": [
            "yandex_compute_disk.boot-disk-nat",
            "yandex_compute_disk.boot-disk-vm2",
            "yandex_compute_instance.nat",
            "yandex_vpc_network.network-one",
            "yandex_vpc_route_table.nat-instance-route",
            "yandex_vpc_security_group.LAN-sg",
            "yandex_vpc_security_group.alb_sg",
            "yandex_vpc_security_group.nat-instance-sg",
            "yandex_vpc_security_group.web_sg",
            "yandex_vpc_subnet.subnet-for-web2",
            "yandex_vpc_subnet.subnet-public"
          ]
        }
      ]
    },
    {
      "mode": "managed",
      "type": "yandex_compute_instance",
      "name": "zabbix",
      "provider": "provider[\"registry.terraform.io/yandex-cloud/yandex\"]",
      "instances": [
        {
          "schema_version": 1,
          "attributes": {
            "allow_recreate": null,
            "allow_stopping_for_update": true,
            "boot_disk": [
              {
                "auto_delete": true,
                "device_name": "fhmpjt9d30i4fn6oe8b3",
                "disk_id": "fhmpjt9d30i4fn6oe8b3",
                "initialize_params": [
                  {
                    "block_size": 4096,
                    "description": "",
                    "image_id": "fd8vsghfu10ev5gdatkh",
                    "kms_key_id": "",
                    "name": "disk-zabbix",
                    "size": 10,
                    "snapshot_id": "",
                    "type": "network-hdd"
                  }
                ],
                "mode": "READ_WRITE"
              }
            ],
            "created_at": "2025-08-29T09:18:32Z",
            "description": "",
            "filesystem": [],
            "folder_id": "b1g8oe19olho2pgik8sv",
            "fqdn": "zabbix.ru-central1.internal",
            "gpu_cluster_id": "",
            "hardware_generation": [
              {
                "generation2_features": [],
                "legacy_features": [
                  {
                    "pci_topology": "PCI_TOPOLOGY_V1"
                  }
                ]
              }
            ],
            "hostname": "zabbix",
            "id": "fhmcm1rnm5j8p86l8p5l",
            "labels": null,
            "local_disk": [],
            "maintenance_grace_period": "",
            "maintenance_policy": null,
            "metadata": {
              "user-data": "#cloud-config\nssh_pwauth: no # by keys only\nusers: \n- name: ilya-serv \n  sudo: 'ALL=(ALL) NOPASSWD:ALL' \n  shell: /bin/bash \n  ssh_authorized_keys:\n    - ssh-ed25519 AAAAC3NzaC1lZDI1NTE5AAAAIPDEJ/ql1pltZibBKmMPI/k9ERU+2AveQ6X0vKl7EAi8 ilya-serv@ilya-serv-VirtualBox\n\nruncmd:\n  - sysctl -w net.ipv4.ip_forward=1 # allows packet routing between interfaces\n  - iptables -t nat -A POSTROUTING -o eth0 -j MASQUERADE # enables NAT-masking for outgoing traffic through the eth0 interface\n"
            },
            "metadata_options": [
              {
                "aws_v1_http_endpoint": 1,
                "aws_v1_http_token": 2,
                "gce_http_endpoint": 1,
                "gce_http_token": 1
              }
            ],
            "name": "zabbix",
            "network_acceleration_type": "standard",
            "network_interface": [
              {
                "dns_record": [],
                "index": 0,
                "ip_address": "192.168.126.9",
                "ipv4": true,
                "ipv6": false,
                "ipv6_address": "",
                "ipv6_dns_record": [],
                "mac_address": "d0:0d:cb:07:77:b1",
                "nat": true,
                "nat_dns_record": [],
                "nat_ip_address": "158.160.40.21",
                "nat_ip_version": "IPV4",
                "security_group_ids": [
                  "enpsd67ahqo2emd5erag",
                  "enpuk44k1ae7epq74jse"
                ],
                "subnet_id": "e9bk6ea2j3189vbrioub"
              }
            ],
            "placement_policy": [
              {
                "host_affinity_rules": [],
                "placement_group_id": "",
                "placement_group_partition": 0
              }
            ],
            "platform_id": "standard-v1",
            "resources": [
              {
                "core_fraction": 20,
                "cores": 2,
                "gpus": 0,
                "memory": 4
              }
            ],
            "scheduling_policy": [
              {
                "preemptible": true
              }
            ],
            "secondary_disk": [],
            "service_account_id": "",
            "status": "running",
            "timeouts": null,
            "zone": "ru-central1-a"
          },
          "sensitive_attributes": [],
          "identity_schema_version": 0,
          "private": "eyJlMmJmYjczMC1lY2FhLTExZTYtOGY4OC0zNDM2M2JjN2M0YzAiOnsiY3JlYXRlIjozMDAwMDAwMDAwMDAsImRlbGV0ZSI6MzAwMDAwMDAwMDAwLCJ1cGRhdGUiOjMwMDAwMDAwMDAwMH0sInNjaGVtYV92ZXJzaW9uIjoiMSJ9",
          "dependencies": [
            "yandex_compute_disk.boot-disk-zabbix",
            "yandex_vpc_network.network-one",
            "yandex_vpc_security_group.LAN-sg",
            "yandex_vpc_security_group.zabbix_sg",
            "yandex_vpc_subnet.subnet-public"
          ]
        }
      ]
    },
    {
      "mode": "managed",
      "type": "yandex_compute_snapshot_schedule",
      "name": "shapshot-for-all",
      "provider": "provider[\"registry.terraform.io/yandex-cloud/yandex\"]",
      "instances": [
        {
          "schema_version": 0,
          "attributes": {
            "created_at": "2025-08-29T09:18:30Z",
            "description": "",
            "disk_ids": [
              "epd4oai7lc2dtn0pjrnd",
              "fhm6p760vbdejvs3qq59",
              "fhmbdu676ve5bvkeionj",
              "fhmcd2miij70hsn124p1",
              "fhmfn2iv2043io5n8i5d",
              "fhmpjt9d30i4fn6oe8b3"
            ],
            "folder_id": "b1g8oe19olho2pgik8sv",
            "id": "fd8bgcjp0suosd84hb9r",
            "labels": null,
            "name": "snap-shot-for-all",
            "retention_period": "",
            "schedule_policy": [
              {
                "expression": "0 0 * * * ",
                "start_at": "1970-01-01T00:00:00Z"
              }
            ],
            "snapshot_count": 1,
            "snapshot_spec": [
              {
                "description": "",
                "labels": {}
              }
            ],
            "status": "active",
            "timeouts": null
          },
          "sensitive_attributes": [],
          "identity_schema_version": 0,
          "private": "eyJlMmJmYjczMC1lY2FhLTExZTYtOGY4OC0zNDM2M2JjN2M0YzAiOnsiY3JlYXRlIjozMDAwMDAwMDAwMDAsImRlbGV0ZSI6MzAwMDAwMDAwMDAwLCJ1cGRhdGUiOjMwMDAwMDAwMDAwMH19",
          "dependencies": [
            "yandex_compute_disk.boot-disk-elastic",
            "yandex_compute_disk.boot-disk-kibana",
            "yandex_compute_disk.boot-disk-nat",
            "yandex_compute_disk.boot-disk-vm1",
            "yandex_compute_disk.boot-disk-vm2",
            "yandex_compute_disk.boot-disk-zabbix"
          ]
        }
      ]
    },
    {
      "mode": "managed",
      "type": "yandex_vpc_network",
      "name": "network-one",
      "provider": "provider[\"registry.terraform.io/yandex-cloud/yandex\"]",
      "instances": [
        {
          "schema_version": 0,
          "attributes": {
            "created_at": "2025-08-29T09:18:18Z",
            "default_security_group_id": "enpp54d5cev9nbse58q1",
            "description": "",
            "folder_id": "b1g8oe19olho2pgik8sv",
            "id": "enpr677jnkrroc8kf9mh",
            "labels": {},
            "name": "network-for-web-and-elastic-and-zabbix-and-kibana",
            "subnet_ids": [],
            "timeouts": null
          },
          "sensitive_attributes": [],
          "identity_schema_version": 0,
          "private": "eyJlMmJmYjczMC1lY2FhLTExZTYtOGY4OC0zNDM2M2JjN2M0YzAiOnsiY3JlYXRlIjo2MDAwMDAwMDAwMCwiZGVsZXRlIjo2MDAwMDAwMDAwMCwidXBkYXRlIjo2MDAwMDAwMDAwMH19"
        }
      ]
    },
    {
      "mode": "managed",
      "type": "yandex_vpc_route_table",
      "name": "nat-instance-route",
      "provider": "provider[\"registry.terraform.io/yandex-cloud/yandex\"]",
      "instances": [
        {
          "schema_version": 0,
          "attributes": {
            "created_at": "2025-08-29T09:18:56Z",
            "description": "",
            "folder_id": "b1g8oe19olho2pgik8sv",
            "id": "enp9vfgnl27cbpq8vemj",
            "labels": {},
            "name": "nat-instance-route",
            "network_id": "enpr677jnkrroc8kf9mh",
            "static_route": [
              {
                "destination_prefix": "0.0.0.0/0",
                "gateway_id": "",
                "next_hop_address": "192.168.126.14"
              }
            ],
            "timeouts": null
          },
          "sensitive_attributes": [],
          "identity_schema_version": 0,
          "private": "eyJlMmJmYjczMC1lY2FhLTExZTYtOGY4OC0zNDM2M2JjN2M0YzAiOnsiY3JlYXRlIjoxODAwMDAwMDAwMDAsImRlbGV0ZSI6MTgwMDAwMDAwMDAwLCJ1cGRhdGUiOjE4MDAwMDAwMDAwMH19",
          "dependencies": [
            "yandex_compute_disk.boot-disk-nat",
            "yandex_compute_instance.nat",
            "yandex_vpc_network.network-one",
            "yandex_vpc_security_group.LAN-sg",
            "yandex_vpc_security_group.nat-instance-sg",
            "yandex_vpc_subnet.subnet-public"
          ]
        }
      ]
    },
    {
      "mode": "managed",
      "type": "yandex_vpc_security_group",
      "name": "LAN-sg",
      "provider": "provider[\"registry.terraform.io/yandex-cloud/yandex\"]",
      "instances": [
        {
          "schema_version": 0,
          "attributes": {
            "created_at": "2025-08-29T09:18:24Z",
            "description": "",
            "egress": [
              {
                "description": "Permit ANY",
                "from_port": 0,
                "id": "enp7bmuplo7dig1q4gct",
                "labels": {},
                "port": -1,
                "predefined_target": "",
                "protocol": "ANY",
                "security_group_id": "",
                "to_port": 65535,
                "v4_cidr_blocks": [
                  "0.0.0.0/0"
                ],
                "v6_cidr_blocks": []
              }
            ],
            "folder_id": "b1g8oe19olho2pgik8sv",
            "id": "enpsd67ahqo2emd5erag",
            "ingress": [
              {
                "description": "Allow 192.168.0.0/16",
                "from_port": 0,
                "id": "enpr9bnbpppeec0gjg0e",
                "labels": {},
                "port": -1,
                "predefined_target": "",
                "protocol": "ANY",
                "security_group_id": "",
                "to_port": 65535,
                "v4_cidr_blocks": [
                  "192.168.0.0/16"
                ],
                "v6_cidr_blocks": []
              }
            ],
            "labels": {},
            "name": "LAN-instanse-sg",
            "network_id": "enpr677jnkrroc8kf9mh",
            "status": "ACTIVE",
            "timeouts": null
          },
          "sensitive_attributes": [],
          "identity_schema_version": 0,
          "private": "eyJlMmJmYjczMC1lY2FhLTExZTYtOGY4OC0zNDM2M2JjN2M0YzAiOnsiY3JlYXRlIjoxODAwMDAwMDAwMDAsImRlbGV0ZSI6MTgwMDAwMDAwMDAwLCJ1cGRhdGUiOjE4MDAwMDAwMDAwMH19",
          "dependencies": [
            "yandex_vpc_network.network-one"
          ]
        }
      ]
    },
    {
      "mode": "managed",
      "type": "yandex_vpc_security_group",
      "name": "alb_sg",
      "provider": "provider[\"registry.terraform.io/yandex-cloud/yandex\"]",
      "instances": [
        {
          "schema_version": 0,
          "attributes": {
            "created_at": "2025-08-29T09:18:38Z",
            "description": "",
            "egress": [
              {
                "description": "Any to backends",
                "from_port": -1,
                "id": "enpfr715dno3prp7cmsk",
                "labels": {},
                "port": -1,
                "predefined_target": "",
                "protocol": "ANY",
                "security_group_id": "",
                "to_port": -1,
                "v4_cidr_blocks": [
                  "0.0.0.0/0"
                ],
                "v6_cidr_blocks": []
              }
            ],
            "folder_id": "b1g8oe19olho2pgik8sv",
            "id": "enpovm4f27ifbh05sdg0",
            "ingress": [
              {
                "description": "ALB health check",
                "from_port": 0,
                "id": "enpce7tvl7duln36psgs",
                "labels": {},
                "port": -1,
                "predefined_target": "loadbalancer_healthchecks",
                "protocol": "ANY",
                "security_group_id": "",
                "to_port": 65535,
                "v4_cidr_blocks": [],
                "v6_cidr_blocks": []
              },
              {
                "description": "HTTP from Internet",
                "from_port": -1,
                "id": "enpqarnbt9dnuif33rg5",
                "labels": {},
                "port": 80,
                "predefined_target": "",
                "protocol": "TCP",
                "security_group_id": "",
                "to_port": -1,
                "v4_cidr_blocks": [
                  "0.0.0.0/0"
                ],
                "v6_cidr_blocks": []
              }
            ],
            "labels": {},
            "name": "alb-sg",
            "network_id": "enpr677jnkrroc8kf9mh",
            "status": "ACTIVE",
            "timeouts": null
          },
          "sensitive_attributes": [],
          "identity_schema_version": 0,
          "private": "eyJlMmJmYjczMC1lY2FhLTExZTYtOGY4OC0zNDM2M2JjN2M0YzAiOnsiY3JlYXRlIjoxODAwMDAwMDAwMDAsImRlbGV0ZSI6MTgwMDAwMDAwMDAwLCJ1cGRhdGUiOjE4MDAwMDAwMDAwMH19",
          "dependencies": [
            "yandex_vpc_network.network-one"
          ]
        }
      ]
    },
    {
      "mode": "managed",
      "type": "yandex_vpc_security_group",
      "name": "elastic_sg",
      "provider": "provider[\"registry.terraform.io/yandex-cloud/yandex\"]",
      "instances": [
        {
          "schema_version": 0,
          "attributes": {
            "created_at": "2025-08-29T09:18:26Z",
            "description": "",
            "egress": [
              {
                "description": "any",
                "from_port": -1,
                "id": "enps5ut9nppgpb0ti294",
                "labels": {},
                "port": -1,
                "predefined_target": "",
                "protocol": "ANY",
                "security_group_id": "",
                "to_port": -1,
                "v4_cidr_blocks": [
                  "0.0.0.0/0"
                ],
                "v6_cidr_blocks": []
              }
            ],
            "folder_id": "b1g8oe19olho2pgik8sv",
            "id": "enpoc2gb8vvefindvf0v",
            "ingress": [
              {
                "description": "Allow ELASTIC",
                "from_port": -1,
                "id": "enp1v9eq2tcs3b7ljsos",
                "labels": {},
                "port": 9200,
                "predefined_target": "",
                "protocol": "TCP",
                "security_group_id": "",
                "to_port": -1,
                "v4_cidr_blocks": [
                  "0.0.0.0/0"
                ],
                "v6_cidr_blocks": []
              },
              {
                "description": "Allow HTTP",
                "from_port": -1,
                "id": "enppcvud88n7ph23au95",
                "labels": {},
                "port": 80,
                "predefined_target": "",
                "protocol": "TCP",
                "security_group_id": "",
                "to_port": -1,
                "v4_cidr_blocks": [
                  "0.0.0.0/0"
                ],
                "v6_cidr_blocks": []
              },
              {
                "description": "Allow HTTPS",
                "from_port": -1,
                "id": "enp2n966llaa7hkf2t1e",
                "labels": {},
                "port": 443,
                "predefined_target": "",
                "protocol": "TCP",
                "security_group_id": "",
                "to_port": -1,
                "v4_cidr_blocks": [
                  "0.0.0.0/0"
                ],
                "v6_cidr_blocks": []
              }
            ],
            "labels": {},
            "name": "ELASTIC-instanse-sg",
            "network_id": "enpr677jnkrroc8kf9mh",
            "status": "ACTIVE",
            "timeouts": null
          },
          "sensitive_attributes": [],
          "identity_schema_version": 0,
          "private": "eyJlMmJmYjczMC1lY2FhLTExZTYtOGY4OC0zNDM2M2JjN2M0YzAiOnsiY3JlYXRlIjoxODAwMDAwMDAwMDAsImRlbGV0ZSI6MTgwMDAwMDAwMDAwLCJ1cGRhdGUiOjE4MDAwMDAwMDAwMH19",
          "dependencies": [
            "yandex_vpc_network.network-one"
          ]
        }
      ]
    },
    {
      "mode": "managed",
      "type": "yandex_vpc_security_group",
      "name": "kibana_sg",
      "provider": "provider[\"registry.terraform.io/yandex-cloud/yandex\"]",
      "instances": [
        {
          "schema_version": 0,
          "attributes": {
            "created_at": "2025-08-29T09:18:29Z",
            "description": "",
            "egress": [
              {
                "description": "allow any outgoing connection",
                "from_port": -1,
                "id": "enpg04r54q31j8punkfv",
                "labels": {},
                "port": -1,
                "predefined_target": "",
                "protocol": "ANY",
                "security_group_id": "",
                "to_port": -1,
                "v4_cidr_blocks": [
                  "0.0.0.0/0"
                ],
                "v6_cidr_blocks": []
              }
            ],
            "folder_id": "b1g8oe19olho2pgik8sv",
            "id": "enpiis5gee4k5a232t2u",
            "ingress": [
              {
                "description": "Allow HTTP",
                "from_port": -1,
                "id": "enpd0bnnp8rig7ah2sdt",
                "labels": {},
                "port": 80,
                "predefined_target": "",
                "protocol": "TCP",
                "security_group_id": "",
                "to_port": -1,
                "v4_cidr_blocks": [
                  "0.0.0.0/0"
                ],
                "v6_cidr_blocks": []
              },
              {
                "description": "Allow HTTPS",
                "from_port": -1,
                "id": "enpp84ltn74pgsouc3bt",
                "labels": {},
                "port": 443,
                "predefined_target": "",
                "protocol": "TCP",
                "security_group_id": "",
                "to_port": -1,
                "v4_cidr_blocks": [
                  "0.0.0.0/0"
                ],
                "v6_cidr_blocks": []
              },
              {
                "description": "Allow Zabbix-server",
                "from_port": -1,
                "id": "enpi2r266p1q2j47mnm1",
                "labels": {},
                "port": 5601,
                "predefined_target": "",
                "protocol": "TCP",
                "security_group_id": "",
                "to_port": -1,
                "v4_cidr_blocks": [
                  "0.0.0.0/0"
                ],
                "v6_cidr_blocks": []
              }
            ],
            "labels": {},
            "name": "KIBANA-instanse-sg",
            "network_id": "enpr677jnkrroc8kf9mh",
            "status": "ACTIVE",
            "timeouts": null
          },
          "sensitive_attributes": [],
          "identity_schema_version": 0,
          "private": "eyJlMmJmYjczMC1lY2FhLTExZTYtOGY4OC0zNDM2M2JjN2M0YzAiOnsiY3JlYXRlIjoxODAwMDAwMDAwMDAsImRlbGV0ZSI6MTgwMDAwMDAwMDAwLCJ1cGRhdGUiOjE4MDAwMDAwMDAwMH19",
          "dependencies": [
            "yandex_vpc_network.network-one"
          ]
        }
      ]
    },
    {
      "mode": "managed",
      "type": "yandex_vpc_security_group",
      "name": "nat-instance-sg",
      "provider": "provider[\"registry.terraform.io/yandex-cloud/yandex\"]",
      "instances": [
        {
          "schema_version": 0,
          "attributes": {
            "created_at": "2025-08-29T09:18:21Z",
            "description": "",
            "egress": [
              {
                "description": "any",
                "from_port": -1,
                "id": "enp44dnchnjt22degmjp",
                "labels": {},
                "port": -1,
                "predefined_target": "",
                "protocol": "ANY",
                "security_group_id": "",
                "to_port": -1,
                "v4_cidr_blocks": [
                  "0.0.0.0/0"
                ],
                "v6_cidr_blocks": []
              }
            ],
            "folder_id": "b1g8oe19olho2pgik8sv",
            "id": "enp3872a8dmpl72bj74a",
            "ingress": [
              {
                "description": "ssh",
                "from_port": -1,
                "id": "enpje27cio3c5pfra25j",
                "labels": {},
                "port": 22,
                "predefined_target": "",
                "protocol": "TCP",
                "security_group_id": "",
                "to_port": -1,
                "v4_cidr_blocks": [
                  "0.0.0.0/0"
                ],
                "v6_cidr_blocks": []
              }
            ],
            "labels": {},
            "name": "nat-instance-sg",
            "network_id": "enpr677jnkrroc8kf9mh",
            "status": "ACTIVE",
            "timeouts": null
          },
          "sensitive_attributes": [],
          "identity_schema_version": 0,
          "private": "eyJlMmJmYjczMC1lY2FhLTExZTYtOGY4OC0zNDM2M2JjN2M0YzAiOnsiY3JlYXRlIjoxODAwMDAwMDAwMDAsImRlbGV0ZSI6MTgwMDAwMDAwMDAwLCJ1cGRhdGUiOjE4MDAwMDAwMDAwMH19",
          "dependencies": [
            "yandex_vpc_network.network-one"
          ]
        }
      ]
    },
    {
      "mode": "managed",
      "type": "yandex_vpc_security_group",
      "name": "web_sg",
      "provider": "provider[\"registry.terraform.io/yandex-cloud/yandex\"]",
      "instances": [
        {
          "schema_version": 0,
          "attributes": {
            "created_at": "2025-08-29T09:18:40Z",
            "description": "",
            "egress": [
              {
                "description": "any",
                "from_port": -1,
                "id": "enpm674jjoaucrof54k0",
                "labels": {},
                "port": -1,
                "predefined_target": "",
                "protocol": "ANY",
                "security_group_id": "",
                "to_port": -1,
                "v4_cidr_blocks": [
                  "0.0.0.0/0"
                ],
                "v6_cidr_blocks": []
              }
            ],
            "folder_id": "b1g8oe19olho2pgik8sv",
            "id": "enpvub0hjs8idocder9i",
            "ingress": [
              {
                "description": "Allow Zabbix-agent",
                "from_port": -1,
                "id": "enpf49b6k8ionprsg334",
                "labels": {},
                "port": 10050,
                "predefined_target": "",
                "protocol": "TCP",
                "security_group_id": "",
                "to_port": -1,
                "v4_cidr_blocks": [
                  "0.0.0.0/0"
                ],
                "v6_cidr_blocks": []
              },
              {
                "description": "HC",
                "from_port": -1,
                "id": "enp8hpbci09v7dgj9c0q",
                "labels": {},
                "port": 80,
                "predefined_target": "",
                "protocol": "TCP",
                "security_group_id": "enpovm4f27ifbh05sdg0",
                "to_port": -1,
                "v4_cidr_blocks": [],
                "v6_cidr_blocks": []
              },
              {
                "description": "HTTP only from ALB",
                "from_port": -1,
                "id": "enp6l0ggelfpauhc6g10",
                "labels": {},
                "port": 80,
                "predefined_target": "",
                "protocol": "TCP",
                "security_group_id": "enpovm4f27ifbh05sdg0",
                "to_port": -1,
                "v4_cidr_blocks": [],
                "v6_cidr_blocks": []
              }
            ],
            "labels": {},
            "name": "WEB-instanse-sg",
            "network_id": "enpr677jnkrroc8kf9mh",
            "status": "ACTIVE",
            "timeouts": null
          },
          "sensitive_attributes": [],
          "identity_schema_version": 0,
          "private": "eyJlMmJmYjczMC1lY2FhLTExZTYtOGY4OC0zNDM2M2JjN2M0YzAiOnsiY3JlYXRlIjoxODAwMDAwMDAwMDAsImRlbGV0ZSI6MTgwMDAwMDAwMDAwLCJ1cGRhdGUiOjE4MDAwMDAwMDAwMH19",
          "dependencies": [
            "yandex_vpc_network.network-one",
            "yandex_vpc_security_group.alb_sg"
          ]
        }
      ]
    },
    {
      "mode": "managed",
      "type": "yandex_vpc_security_group",
      "name": "zabbix_sg",
      "provider": "provider[\"registry.terraform.io/yandex-cloud/yandex\"]",
      "instances": [
        {
          "schema_version": 0,
          "attributes": {
            "created_at": "2025-08-29T09:18:32Z",
            "description": "",
            "egress": [],
            "folder_id": "b1g8oe19olho2pgik8sv",
            "id": "enpuk44k1ae7epq74jse",
            "ingress": [
              {
                "description": "Allow HTTPS",
                "from_port": -1,
                "id": "enpkkgntadqda79jh7dp",
                "labels": {},
                "port": 443,
                "predefined_target": "",
                "protocol": "TCP",
                "security_group_id": "",
                "to_port": -1,
                "v4_cidr_blocks": [
                  "0.0.0.0/0"
                ],
                "v6_cidr_blocks": []
              },
              {
                "description": "Allow Zabbix-server",
                "from_port": -1,
                "id": "enp5v3sc427iai4cp7mc",
                "labels": {},
                "port": 10051,
                "predefined_target": "",
                "protocol": "TCP",
                "security_group_id": "",
                "to_port": -1,
                "v4_cidr_blocks": [
                  "0.0.0.0/0"
                ],
                "v6_cidr_blocks": []
              },
              {
                "description": "Allow Zabbix-web ",
                "from_port": -1,
                "id": "enpla3v2vpkug2jn852h",
                "labels": {},
                "port": 80,
                "predefined_target": "",
                "protocol": "TCP",
                "security_group_id": "",
                "to_port": -1,
                "v4_cidr_blocks": [
                  "0.0.0.0/0"
                ],
                "v6_cidr_blocks": []
              }
            ],
            "labels": {},
            "name": "ZABBIX-instanse-sg",
            "network_id": "enpr677jnkrroc8kf9mh",
            "status": "ACTIVE",
            "timeouts": null
          },
          "sensitive_attributes": [],
          "identity_schema_version": 0,
          "private": "eyJlMmJmYjczMC1lY2FhLTExZTYtOGY4OC0zNDM2M2JjN2M0YzAiOnsiY3JlYXRlIjoxODAwMDAwMDAwMDAsImRlbGV0ZSI6MTgwMDAwMDAwMDAwLCJ1cGRhdGUiOjE4MDAwMDAwMDAwMH19",
          "dependencies": [
            "yandex_vpc_network.network-one"
          ]
        }
      ]
    },
    {
      "mode": "managed",
      "type": "yandex_vpc_subnet",
      "name": "subnet-for-web1",
      "provider": "provider[\"registry.terraform.io/yandex-cloud/yandex\"]",
      "instances": [
        {
          "schema_version": 0,
          "attributes": {
            "created_at": "2025-08-29T09:18:59Z",
            "description": "",
            "dhcp_options": [],
            "folder_id": "b1g8oe19olho2pgik8sv",
            "id": "e9b85bkh95t4bunip6op",
            "labels": {},
            "name": "subnet-for-web1",
            "network_id": "enpr677jnkrroc8kf9mh",
            "route_table_id": "enp9vfgnl27cbpq8vemj",
            "timeouts": null,
            "v4_cidr_blocks": [
              "192.168.123.0/28"
            ],
            "v6_cidr_blocks": [],
            "zone": "ru-central1-a"
          },
          "sensitive_attributes": [],
          "identity_schema_version": 0,
          "private": "eyJlMmJmYjczMC1lY2FhLTExZTYtOGY4OC0zNDM2M2JjN2M0YzAiOnsiY3JlYXRlIjoxODAwMDAwMDAwMDAsImRlbGV0ZSI6MTgwMDAwMDAwMDAwLCJ1cGRhdGUiOjE4MDAwMDAwMDAwMH19",
          "dependencies": [
            "yandex_compute_disk.boot-disk-nat",
            "yandex_compute_instance.nat",
            "yandex_vpc_network.network-one",
            "yandex_vpc_route_table.nat-instance-route",
            "yandex_vpc_security_group.LAN-sg",
            "yandex_vpc_security_group.nat-instance-sg",
            "yandex_vpc_subnet.subnet-public"
          ]
        }
      ]
    },
    {
      "mode": "managed",
      "type": "yandex_vpc_subnet",
      "name": "subnet-for-web2",
      "provider": "provider[\"registry.terraform.io/yandex-cloud/yandex\"]",
      "instances": [
        {
          "schema_version": 0,
          "attributes": {
            "created_at": "2025-08-29T09:18:57Z",
            "description": "",
            "dhcp_options": [],
            "folder_id": "b1g8oe19olho2pgik8sv",
            "id": "e2lptviojuu6qdljtnsn",
            "labels": {},
            "name": "subnet-for-web2",
            "network_id": "enpr677jnkrroc8kf9mh",
            "route_table_id": "enp9vfgnl27cbpq8vemj",
            "timeouts": null,
            "v4_cidr_blocks": [
              "192.168.124.0/28"
            ],
            "v6_cidr_blocks": [],
            "zone": "ru-central1-b"
          },
          "sensitive_attributes": [],
          "identity_schema_version": 0,
          "private": "eyJlMmJmYjczMC1lY2FhLTExZTYtOGY4OC0zNDM2M2JjN2M0YzAiOnsiY3JlYXRlIjoxODAwMDAwMDAwMDAsImRlbGV0ZSI6MTgwMDAwMDAwMDAwLCJ1cGRhdGUiOjE4MDAwMDAwMDAwMH19",
          "dependencies": [
            "yandex_compute_disk.boot-disk-nat",
            "yandex_compute_instance.nat",
            "yandex_vpc_network.network-one",
            "yandex_vpc_route_table.nat-instance-route",
            "yandex_vpc_security_group.LAN-sg",
            "yandex_vpc_security_group.nat-instance-sg",
            "yandex_vpc_subnet.subnet-public"
          ]
        }
      ]
    },
    {
      "mode": "managed",
      "type": "yandex_vpc_subnet",
      "name": "subnet-private",
      "provider": "provider[\"registry.terraform.io/yandex-cloud/yandex\"]",
      "instances": [
        {
          "schema_version": 0,
          "attributes": {
            "created_at": "2025-08-29T09:18:58Z",
            "description": "",
            "dhcp_options": [],
            "folder_id": "b1g8oe19olho2pgik8sv",
            "id": "e9brkdnm9hr7s8m9eut5",
            "labels": {},
            "name": "subnet-private",
            "network_id": "enpr677jnkrroc8kf9mh",
            "route_table_id": "enp9vfgnl27cbpq8vemj",
            "timeouts": null,
            "v4_cidr_blocks": [
              "192.168.125.0/28"
            ],
            "v6_cidr_blocks": [],
            "zone": "ru-central1-a"
          },
          "sensitive_attributes": [],
          "identity_schema_version": 0,
          "private": "eyJlMmJmYjczMC1lY2FhLTExZTYtOGY4OC0zNDM2M2JjN2M0YzAiOnsiY3JlYXRlIjoxODAwMDAwMDAwMDAsImRlbGV0ZSI6MTgwMDAwMDAwMDAwLCJ1cGRhdGUiOjE4MDAwMDAwMDAwMH19",
          "dependencies": [
            "yandex_compute_disk.boot-disk-nat",
            "yandex_compute_instance.nat",
            "yandex_vpc_network.network-one",
            "yandex_vpc_route_table.nat-instance-route",
            "yandex_vpc_security_group.LAN-sg",
            "yandex_vpc_security_group.nat-instance-sg",
            "yandex_vpc_subnet.subnet-public"
          ]
        }
      ]
    },
    {
      "mode": "managed",
      "type": "yandex_vpc_subnet",
      "name": "subnet-public",
      "provider": "provider[\"registry.terraform.io/yandex-cloud/yandex\"]",
      "instances": [
        {
          "schema_version": 0,
          "attributes": {
            "created_at": "2025-08-29T09:18:20Z",
            "description": "",
            "dhcp_options": [],
            "folder_id": "b1g8oe19olho2pgik8sv",
            "id": "e9bk6ea2j3189vbrioub",
            "labels": {},
            "name": "subnet-public",
            "network_id": "enpr677jnkrroc8kf9mh",
            "route_table_id": "",
            "timeouts": null,
            "v4_cidr_blocks": [
              "192.168.126.0/28"
            ],
            "v6_cidr_blocks": [],
            "zone": "ru-central1-a"
          },
          "sensitive_attributes": [],
          "identity_schema_version": 0,
          "private": "eyJlMmJmYjczMC1lY2FhLTExZTYtOGY4OC0zNDM2M2JjN2M0YzAiOnsiY3JlYXRlIjoxODAwMDAwMDAwMDAsImRlbGV0ZSI6MTgwMDAwMDAwMDAwLCJ1cGRhdGUiOjE4MDAwMDAwMDAwMH19",
          "dependencies": [
            "yandex_vpc_network.network-one"
          ]
        }
      ]
    }
  ],
  "check_results": null
}
